{
    "_readme": [
        "This file locks the dependencies of your project to a known state",
        "Read more about it at https://getcomposer.org/doc/01-basic-usage.md#installing-dependencies",
        "This file is @generated automatically"
    ],
    "content-hash": "1f36ae3096372d4d3bf93cc85e11a4e4",
    "packages": [
        {
            "name": "dflydev/dot-access-data",
            "version": "v3.0.1",
            "source": {
                "type": "git",
                "url": "https://github.com/dflydev/dflydev-dot-access-data.git",
                "reference": "0992cc19268b259a39e86f296da5f0677841f42c"
            },
            "dist": {
                "type": "zip",
                "url": "https://api.github.com/repos/dflydev/dflydev-dot-access-data/zipball/0992cc19268b259a39e86f296da5f0677841f42c",
                "reference": "0992cc19268b259a39e86f296da5f0677841f42c",
                "shasum": ""
            },
            "require": {
                "php": "^7.1 || ^8.0"
            },
            "require-dev": {
                "phpstan/phpstan": "^0.12.42",
                "phpunit/phpunit": "^7.5 || ^8.5 || ^9.3",
                "scrutinizer/ocular": "1.6.0",
                "squizlabs/php_codesniffer": "^3.5",
                "vimeo/psalm": "^3.14"
            },
            "type": "library",
            "extra": {
                "branch-alias": {
                    "dev-main": "3.x-dev"
                }
            },
            "autoload": {
                "psr-4": {
                    "Dflydev\\DotAccessData\\": "src/"
                }
            },
            "notification-url": "https://packagist.org/downloads/",
            "license": [
                "MIT"
            ],
            "authors": [
                {
                    "name": "Dragonfly Development Inc.",
                    "email": "info@dflydev.com",
                    "homepage": "http://dflydev.com"
                },
                {
                    "name": "Beau Simensen",
                    "email": "beau@dflydev.com",
                    "homepage": "http://beausimensen.com"
                },
                {
                    "name": "Carlos Frutos",
                    "email": "carlos@kiwing.it",
                    "homepage": "https://github.com/cfrutos"
                },
                {
                    "name": "Colin O'Dell",
                    "email": "colinodell@gmail.com",
                    "homepage": "https://www.colinodell.com"
                }
            ],
            "description": "Given a deep data structure, access data by dot notation.",
            "homepage": "https://github.com/dflydev/dflydev-dot-access-data",
            "keywords": [
                "access",
                "data",
                "dot",
                "notation"
            ],
            "support": {
                "issues": "https://github.com/dflydev/dflydev-dot-access-data/issues",
                "source": "https://github.com/dflydev/dflydev-dot-access-data/tree/v3.0.1"
            },
            "time": "2021-08-13T13:06:58+00:00"
        },
        {
            "name": "league/commonmark",
            "version": "2.0.1",
            "source": {
                "type": "git",
                "url": "https://github.com/thephpleague/commonmark.git",
                "reference": "0d57f20aa03129ee7ef5f690e634884315d4238c"
            },
            "dist": {
                "type": "zip",
                "url": "https://api.github.com/repos/thephpleague/commonmark/zipball/0d57f20aa03129ee7ef5f690e634884315d4238c",
                "reference": "0d57f20aa03129ee7ef5f690e634884315d4238c",
                "shasum": ""
            },
            "require": {
                "ext-mbstring": "*",
                "league/config": "^1.1",
                "php": "^7.4 || ^8.0",
                "psr/event-dispatcher": "^1.0",
                "symfony/polyfill-php80": "^1.15"
            },
            "require-dev": {
                "cebe/markdown": "^1.0",
                "commonmark/cmark": "0.30.0",
                "commonmark/commonmark.js": "0.30.0",
                "composer/package-versions-deprecated": "^1.8",
                "erusev/parsedown": "^1.0",
                "ext-json": "*",
                "github/gfm": "0.29.0",
                "michelf/php-markdown": "^1.4",
                "phpstan/phpstan": "^0.12.88",
                "phpunit/phpunit": "^9.5.5",
                "scrutinizer/ocular": "^1.8.1",
                "symfony/finder": "^5.3",
                "symfony/yaml": "^2.3 | ^3.0 | ^4.0 | ^5.0",
                "unleashedtech/php-coding-standard": "^3.1",
                "vimeo/psalm": "^4.7.3"
            },
            "suggest": {
                "symfony/yaml": "v2.3+ required if using the Front Matter extension"
            },
            "type": "library",
            "extra": {
                "branch-alias": {
                    "dev-main": "2.1-dev"
                }
            },
            "autoload": {
                "psr-4": {
                    "League\\CommonMark\\": "src"
                }
            },
            "notification-url": "https://packagist.org/downloads/",
            "license": [
                "BSD-3-Clause"
            ],
            "authors": [
                {
                    "name": "Colin O'Dell",
                    "email": "colinodell@gmail.com",
                    "homepage": "https://www.colinodell.com",
                    "role": "Lead Developer"
                }
            ],
            "description": "Highly-extensible PHP Markdown parser which fully supports the CommonMark spec and GitHub-Flavored Markdown (GFM)",
            "homepage": "https://commonmark.thephpleague.com",
            "keywords": [
                "commonmark",
                "flavored",
                "gfm",
                "github",
                "github-flavored",
                "markdown",
                "md",
                "parser"
            ],
            "support": {
                "docs": "https://commonmark.thephpleague.com/",
                "forum": "https://github.com/thephpleague/commonmark/discussions",
                "issues": "https://github.com/thephpleague/commonmark/issues",
                "rss": "https://github.com/thephpleague/commonmark/releases.atom",
                "source": "https://github.com/thephpleague/commonmark"
            },
            "funding": [
                {
                    "url": "https://enjoy.gitstore.app/repositories/thephpleague/commonmark",
                    "type": "custom"
                },
                {
                    "url": "https://www.colinodell.com/sponsor",
                    "type": "custom"
                },
                {
                    "url": "https://www.paypal.me/colinpodell/10.00",
                    "type": "custom"
                },
                {
                    "url": "https://github.com/colinodell",
                    "type": "github"
                },
                {
                    "url": "https://www.patreon.com/colinodell",
                    "type": "patreon"
                },
                {
                    "url": "https://tidelift.com/funding/github/packagist/league/commonmark",
                    "type": "tidelift"
                }
            ],
            "time": "2021-07-31T19:15:22+00:00"
        },
        {
            "name": "league/config",
            "version": "v1.1.0",
            "source": {
                "type": "git",
                "url": "https://github.com/thephpleague/config.git",
                "reference": "20d42d88f12a76ff862e17af4f14a5a4bbfd0925"
            },
            "dist": {
                "type": "zip",
                "url": "https://api.github.com/repos/thephpleague/config/zipball/20d42d88f12a76ff862e17af4f14a5a4bbfd0925",
                "reference": "20d42d88f12a76ff862e17af4f14a5a4bbfd0925",
                "shasum": ""
            },
            "require": {
                "dflydev/dot-access-data": "^3.0",
                "nette/schema": "^1.2",
                "php": "^7.4 || ^8.0"
            },
            "require-dev": {
                "phpstan/phpstan": "^0.12.90",
                "phpunit/phpunit": "^9.5.5",
                "scrutinizer/ocular": "^1.8.1",
                "unleashedtech/php-coding-standard": "^3.1",
                "vimeo/psalm": "^4.7.3"
            },
            "type": "library",
            "extra": {
                "branch-alias": {
                    "dev-main": "1.2-dev"
                }
            },
            "autoload": {
                "psr-4": {
                    "League\\Config\\": "src"
                }
            },
            "notification-url": "https://packagist.org/downloads/",
            "license": [
                "BSD-3-Clause"
            ],
            "authors": [
                {
                    "name": "Colin O'Dell",
                    "email": "colinodell@gmail.com",
                    "homepage": "https://www.colinodell.com",
                    "role": "Lead Developer"
                }
            ],
            "description": "Define configuration arrays with strict schemas and access values with dot notation",
            "homepage": "https://config.thephpleague.com",
            "keywords": [
                "array",
                "config",
                "configuration",
                "dot",
                "dot-access",
                "nested",
                "schema"
            ],
            "support": {
                "docs": "https://config.thephpleague.com/",
                "issues": "https://github.com/thephpleague/config/issues",
                "rss": "https://github.com/thephpleague/config/releases.atom",
                "source": "https://github.com/thephpleague/config"
            },
            "funding": [
                {
                    "url": "https://www.colinodell.com/sponsor",
                    "type": "custom"
                },
                {
                    "url": "https://www.paypal.me/colinpodell/10.00",
                    "type": "custom"
                },
                {
                    "url": "https://github.com/colinodell",
                    "type": "github"
                }
            ],
            "time": "2021-06-19T15:52:37+00:00"
        },
        {
            "name": "nette/schema",
            "version": "v1.2.1",
            "source": {
                "type": "git",
                "url": "https://github.com/nette/schema.git",
                "reference": "f5ed39fc96358f922cedfd1e516f0dadf5d2be0d"
            },
            "dist": {
                "type": "zip",
                "url": "https://api.github.com/repos/nette/schema/zipball/f5ed39fc96358f922cedfd1e516f0dadf5d2be0d",
                "reference": "f5ed39fc96358f922cedfd1e516f0dadf5d2be0d",
                "shasum": ""
            },
            "require": {
                "nette/utils": "^3.1.4 || ^4.0",
                "php": ">=7.1 <8.1"
            },
            "require-dev": {
                "nette/tester": "^2.3 || ^2.4",
                "phpstan/phpstan-nette": "^0.12",
                "tracy/tracy": "^2.7"
            },
            "type": "library",
            "extra": {
                "branch-alias": {
                    "dev-master": "1.2-dev"
                }
            },
            "autoload": {
                "classmap": [
                    "src/"
                ]
            },
            "notification-url": "https://packagist.org/downloads/",
            "license": [
                "BSD-3-Clause",
                "GPL-2.0-only",
                "GPL-3.0-only"
            ],
            "authors": [
                {
                    "name": "David Grudl",
                    "homepage": "https://davidgrudl.com"
                },
                {
                    "name": "Nette Community",
                    "homepage": "https://nette.org/contributors"
                }
            ],
            "description": "📐 Nette Schema: validating data structures against a given Schema.",
            "homepage": "https://nette.org",
            "keywords": [
                "config",
                "nette"
            ],
            "support": {
                "issues": "https://github.com/nette/schema/issues",
                "source": "https://github.com/nette/schema/tree/v1.2.1"
            },
            "time": "2021-03-04T17:51:11+00:00"
        },
        {
            "name": "nette/utils",
            "version": "v3.2.2",
            "source": {
                "type": "git",
                "url": "https://github.com/nette/utils.git",
                "reference": "967cfc4f9a1acd5f1058d76715a424c53343c20c"
            },
            "dist": {
                "type": "zip",
                "url": "https://api.github.com/repos/nette/utils/zipball/967cfc4f9a1acd5f1058d76715a424c53343c20c",
                "reference": "967cfc4f9a1acd5f1058d76715a424c53343c20c",
                "shasum": ""
            },
            "require": {
                "php": ">=7.2 <8.1"
            },
            "conflict": {
                "nette/di": "<3.0.6"
            },
            "require-dev": {
                "nette/tester": "~2.0",
                "phpstan/phpstan": "^0.12",
                "tracy/tracy": "^2.3"
            },
            "suggest": {
                "ext-gd": "to use Image",
                "ext-iconv": "to use Strings::webalize(), toAscii(), chr() and reverse()",
                "ext-intl": "to use Strings::webalize(), toAscii(), normalize() and compare()",
                "ext-json": "to use Nette\\Utils\\Json",
                "ext-mbstring": "to use Strings::lower() etc...",
                "ext-tokenizer": "to use Nette\\Utils\\Reflection::getUseStatements()",
                "ext-xml": "to use Strings::length() etc. when mbstring is not available"
            },
            "type": "library",
            "extra": {
                "branch-alias": {
                    "dev-master": "3.2-dev"
                }
            },
            "autoload": {
                "classmap": [
                    "src/"
                ]
            },
            "notification-url": "https://packagist.org/downloads/",
            "license": [
                "BSD-3-Clause",
                "GPL-2.0-only",
                "GPL-3.0-only"
            ],
            "authors": [
                {
                    "name": "David Grudl",
                    "homepage": "https://davidgrudl.com"
                },
                {
                    "name": "Nette Community",
                    "homepage": "https://nette.org/contributors"
                }
            ],
            "description": "🛠  Nette Utils: lightweight utilities for string & array manipulation, image handling, safe JSON encoding/decoding, validation, slug or strong password generating etc.",
            "homepage": "https://nette.org",
            "keywords": [
                "array",
                "core",
                "datetime",
                "images",
                "json",
                "nette",
                "paginator",
                "password",
                "slugify",
                "string",
                "unicode",
                "utf-8",
                "utility",
                "validation"
            ],
            "support": {
                "issues": "https://github.com/nette/utils/issues",
                "source": "https://github.com/nette/utils/tree/v3.2.2"
            },
            "time": "2021-03-03T22:53:25+00:00"
        },
        {
            "name": "psr/event-dispatcher",
            "version": "1.0.0",
            "source": {
                "type": "git",
                "url": "https://github.com/php-fig/event-dispatcher.git",
                "reference": "dbefd12671e8a14ec7f180cab83036ed26714bb0"
            },
            "dist": {
                "type": "zip",
                "url": "https://api.github.com/repos/php-fig/event-dispatcher/zipball/dbefd12671e8a14ec7f180cab83036ed26714bb0",
                "reference": "dbefd12671e8a14ec7f180cab83036ed26714bb0",
                "shasum": ""
            },
            "require": {
                "php": ">=7.2.0"
            },
            "type": "library",
            "extra": {
                "branch-alias": {
                    "dev-master": "1.0.x-dev"
                }
            },
            "autoload": {
                "psr-4": {
                    "Psr\\EventDispatcher\\": "src/"
                }
            },
            "notification-url": "https://packagist.org/downloads/",
            "license": [
                "MIT"
            ],
            "authors": [
                {
                    "name": "PHP-FIG",
                    "homepage": "http://www.php-fig.org/"
                }
            ],
            "description": "Standard interfaces for event handling.",
            "keywords": [
                "events",
                "psr",
                "psr-14"
            ],
            "support": {
                "issues": "https://github.com/php-fig/event-dispatcher/issues",
                "source": "https://github.com/php-fig/event-dispatcher/tree/1.0.0"
            },
            "time": "2019-01-08T18:20:26+00:00"
        },
        {
            "name": "symfony/polyfill-php80",
            "version": "v1.23.1",
            "source": {
                "type": "git",
                "url": "https://github.com/symfony/polyfill-php80.git",
                "reference": "1100343ed1a92e3a38f9ae122fc0eb21602547be"
            },
            "dist": {
                "type": "zip",
                "url": "https://api.github.com/repos/symfony/polyfill-php80/zipball/1100343ed1a92e3a38f9ae122fc0eb21602547be",
                "reference": "1100343ed1a92e3a38f9ae122fc0eb21602547be",
                "shasum": ""
            },
            "require": {
                "php": ">=7.1"
            },
            "type": "library",
            "extra": {
                "branch-alias": {
                    "dev-main": "1.23-dev"
                },
                "thanks": {
                    "name": "symfony/polyfill",
                    "url": "https://github.com/symfony/polyfill"
                }
            },
            "autoload": {
                "psr-4": {
                    "Symfony\\Polyfill\\Php80\\": ""
                },
                "files": [
                    "bootstrap.php"
                ],
                "classmap": [
                    "Resources/stubs"
                ]
            },
            "notification-url": "https://packagist.org/downloads/",
            "license": [
                "MIT"
            ],
            "authors": [
                {
                    "name": "Ion Bazan",
                    "email": "ion.bazan@gmail.com"
                },
                {
                    "name": "Nicolas Grekas",
                    "email": "p@tchwork.com"
                },
                {
                    "name": "Symfony Community",
                    "homepage": "https://symfony.com/contributors"
                }
            ],
            "description": "Symfony polyfill backporting some PHP 8.0+ features to lower PHP versions",
            "homepage": "https://symfony.com",
            "keywords": [
                "compatibility",
                "polyfill",
                "portable",
                "shim"
            ],
            "support": {
                "source": "https://github.com/symfony/polyfill-php80/tree/v1.23.1"
            },
            "funding": [
                {
                    "url": "https://symfony.com/sponsor",
                    "type": "custom"
                },
                {
                    "url": "https://github.com/fabpot",
                    "type": "github"
                },
                {
                    "url": "https://tidelift.com/funding/github/packagist/symfony/symfony",
                    "type": "tidelift"
                }
            ],
            "time": "2021-07-28T13:41:28+00:00"
        },
        {
            "name": "wnx/changelog-updater",
            "version": "v1.0.0",
            "source": {
                "type": "git",
                "url": "https://github.com/stefanzweifel/php-changelog-updater.git",
                "reference": "4b6f86baf50b5d35b6d3933be2098a90d94c5b12"
            },
            "dist": {
                "type": "zip",
                "url": "https://api.github.com/repos/stefanzweifel/php-changelog-updater/zipball/4b6f86baf50b5d35b6d3933be2098a90d94c5b12",
                "reference": "4b6f86baf50b5d35b6d3933be2098a90d94c5b12",
                "shasum": ""
            },
            "require": {
                "league/commonmark": "^2.0",
                "php": "^8.0",
                "wnx/commonmark-markdown-renderer": "^1.0"
            },
            "require-dev": {
                "friendsofphp/php-cs-fixer": "^3.0",
                "laravel-zero/framework": "^8.8",
                "mockery/mockery": "^1.4.3",
                "pestphp/pest": "^1.3",
                "vimeo/psalm": "^4.8"
            },
            "bin": [
                "builds/changelog-updater"
            ],
            "type": "library",
            "autoload": {
                "psr-4": {
                    "App\\": "app/"
                }
            },
            "notification-url": "https://packagist.org/downloads/",
            "license": [
                "MIT"
            ],
            "authors": [
                {
                    "name": "Stefan Zweifel",
                    "email": "hello@stefanzweifel.io"
                }
            ],
            "description": "PHP CLI to update a CHANGELOG following the \"Keep a Changelog\" format with the latest release notes.",
            "keywords": [
                "changelog",
                "cli",
                "console",
                "keep-a-changelog"
            ],
            "support": {
                "issues": "https://github.com/stefanzweifel/php-changelog-updater/issues",
                "source": "https://github.com/stefanzweifel/php-changelog-updater"
            },
            "funding": [
                {
                    "url": "https://buymeacoff.ee/3oQ64YW",
                    "type": "custom"
                },
                {
                    "url": "https://github.com/stefanzweifel",
                    "type": "github"
                }
            ],
            "time": "2021-08-14T10:00:37+00:00"
        },
        {
            "name": "wnx/commonmark-markdown-renderer",
            "version": "v1.0.1",
            "source": {
                "type": "git",
                "url": "https://github.com/stefanzweifel/commonmark-markdown-renderer.git",
                "reference": "06ce2c7bb214d2c97253633e3c6182a06bb37311"
            },
            "dist": {
                "type": "zip",
                "url": "https://api.github.com/repos/stefanzweifel/commonmark-markdown-renderer/zipball/06ce2c7bb214d2c97253633e3c6182a06bb37311",
                "reference": "06ce2c7bb214d2c97253633e3c6182a06bb37311",
                "shasum": ""
            },
            "require": {
                "league/commonmark": "^2.0",
                "php": "^8.0"
            },
            "require-dev": {
                "friendsofphp/php-cs-fixer": "^3.0",
                "phpunit/phpunit": "^9.5",
                "spatie/ray": "^1.28",
                "vimeo/psalm": "^4.8"
            },
            "type": "library",
            "autoload": {
                "psr-4": {
                    "Wnx\\CommonmarkMarkdownRenderer\\": "src"
                }
            },
            "notification-url": "https://packagist.org/downloads/",
            "license": [
                "MIT"
            ],
            "authors": [
                {
                    "name": "Stefan Zweifel",
                    "email": "hello@stefanzweifel.io",
                    "role": "Developer"
                }
            ],
            "description": "Render Markdown AST back to Markdown.",
            "homepage": "https://github.com/stefanzweifel/commonmark-markdown-renderer",
            "keywords": [
                "commonmark-markdown-renderer",
                "markdown",
                "renderer",
                "wnx"
            ],
            "support": {
                "issues": "https://github.com/stefanzweifel/commonmark-markdown-renderer/issues",
                "source": "https://github.com/stefanzweifel/commonmark-markdown-renderer/tree/v1.0.1"
            },
            "funding": [
                {
                    "url": "https://github.com/stefanzweifel",
                    "type": "github"
                }
            ],
            "time": "2021-08-07T15:42:49+00:00"
        }
    ],
    "packages-dev": [],
    "aliases": [],
    "minimum-stability": "stable",
    "stability-flags": [],
    "prefer-stable": false,
    "prefer-lowest": false,
    "platform": [],
    "platform-dev": [],
    "plugin-api-version": "2.1.0"
}
